{
  "requires": true,
  "lockfileVersion": 1,
  "dependencies": {
    "types-registry": {
      "version": "0.1.695",
      "resolved": "https://registry.npmjs.org/types-registry/-/types-registry-0.1.695.tgz",
      "integrity": "sha512-JB5iVGn/QovTSY2WDKjDStmHNTjzaeiYNnlwigyBHHKPk2LY3oaExfoqNyjqUpqLN2EX870EZtQiCWIZ9fWYpA=="
    }
  }
}
